<?xml version="1.0" encoding="utf-8"?>
<Project ToolsVersion="4.0" xmlns="http://schemas.microsoft.com/developer/msbuild/2003">
  <ItemGroup>
    <Filter Include="Source Files">
      <UniqueIdentifier>{4FC737F1-C7A5-4376-A066-2A32D752A2FF}</UniqueIdentifier>
      <Extensions>cpp;c;cc;cxx;c++;cppm;ixx;def;odl;idl;hpj;bat;asm;asmx</Extensions>
    </Filter>
    <Filter Include="Header Files">
      <UniqueIdentifier>{93995380-89BD-4b04-88EB-625FBE52EBFB}</UniqueIdentifier>
      <Extensions>h;hh;hpp;hxx;h++;hm;inl;inc;ipp;xsd</Extensions>
    </Filter>
    <Filter Include="Resource Files">
      <UniqueIdentifier>{67DA6AB6-F800-4c08-8B7A-83BB121AAD01}</UniqueIdentifier>
      <Extensions>rc;ico;cur;bmp;dlg;rc2;rct;bin;rgs;gif;jpg;jpeg;jpe;resx;tiff;tif;png;wav;mfcribbon-ms</Extensions>
    </Filter>
    <Filter Include="Header Files\Engine">
      <UniqueIdentifier>{9da3f533-5750-4393-9841-dd6e81e9395a}</UniqueIdentifier>
    </Filter>
    <Filter Include="Header Files\Engine\Components">
      <UniqueIdentifier>{c7b56d81-e169-4196-ac34-e8c617381bf7}</UniqueIdentifier>
    </Filter>
    <Filter Include="Header Files\Engine\Systems">
      <UniqueIdentifier>{8b3a20c1-54a9-4e0a-9f84-120c8bfb5245}</UniqueIdentifier>
    </Filter>
    <Filter Include="Header Files\Engine\Core">
      <UniqueIdentifier>{0950938f-82f4-4988-873a-4cfa9e222311}</UniqueIdentifier>
    </Filter>
    <Filter Include="Header Files\Engine\Core\Component">
      <UniqueIdentifier>{26139d5b-fc62-4fb1-8edc-d6d3438ead28}</UniqueIdentifier>
    </Filter>
    <Filter Include="Header Files\Engine\Core\Component\ComponentArray">
      <UniqueIdentifier>{82e4df06-e1df-4ddd-993f-56d3f7022821}</UniqueIdentifier>
    </Filter>
    <Filter Include="Header Files\Engine\Core\System">
      <UniqueIdentifier>{6711d3cc-a219-4ad1-97fc-6690feb9768a}</UniqueIdentifier>
    </Filter>
    <Filter Include="Header Files\Engine\Core\Managers">
      <UniqueIdentifier>{2096873f-ec5d-412e-95bc-d105f4b678ee}</UniqueIdentifier>
    </Filter>
    <Filter Include="Header Files\Engine\Core\Managers\EntityManager">
      <UniqueIdentifier>{7c4cce1b-57db-4c67-96c9-56671c32227c}</UniqueIdentifier>
    </Filter>
    <Filter Include="Header Files\Engine\Core\Managers\ComponentManager">
      <UniqueIdentifier>{7b49b1de-6acb-4a12-8288-7748f97b051c}</UniqueIdentifier>
    </Filter>
    <Filter Include="Header Files\Engine\Core\Managers\SystemManager">
      <UniqueIdentifier>{0c87e4a0-52d3-4cc6-8f52-4726b3949882}</UniqueIdentifier>
    </Filter>
    <Filter Include="Header Files\Engine\Core\Managers\CommunicationManager">
      <UniqueIdentifier>{85f591e9-1a22-4979-9578-d06c275fbfeb}</UniqueIdentifier>
    </Filter>
    <Filter Include="Header Files\Engine\Core\Managers\LogManager">
      <UniqueIdentifier>{37d5c9a0-a180-4c60-96c3-8dae9cbd50b9}</UniqueIdentifier>
    </Filter>
    <Filter Include="Header Files\Engine\Core\Utils">
      <UniqueIdentifier>{a482c871-1663-403e-a626-8e9513c52897}</UniqueIdentifier>
    </Filter>
    <Filter Include="Header Files\Engine\Core\Utils\Message">
      <UniqueIdentifier>{8a1ee602-629f-417f-bb14-d4bc1c398856}</UniqueIdentifier>
    </Filter>
    <Filter Include="Source Files\Engine">
      <UniqueIdentifier>{26098926-a7e7-4aef-8d50-c2dda7d50570}</UniqueIdentifier>
    </Filter>
    <Filter Include="Source Files\Engine\Core">
      <UniqueIdentifier>{2ed65fe1-aee7-408b-b0b4-5470556ff472}</UniqueIdentifier>
    </Filter>
    <Filter Include="Source Files\Engine\Core\Utils">
      <UniqueIdentifier>{678cb4de-7315-489f-80ff-78beb84e3a7d}</UniqueIdentifier>
    </Filter>
    <Filter Include="Source Files\Engine\Core\Utils\Message">
      <UniqueIdentifier>{2abd3484-46ad-4627-955e-fbfe9e0744b2}</UniqueIdentifier>
    </Filter>
    <Filter Include="Source Files\Engine\Core\Component">
      <UniqueIdentifier>{c6d0d7d1-46b5-4b40-8ac9-d91a22db7bec}</UniqueIdentifier>
    </Filter>
    <Filter Include="Source Files\Engine\Core\Component\ComponentArray">
      <UniqueIdentifier>{75631d44-f703-46e7-bde9-276612bfcaea}</UniqueIdentifier>
    </Filter>
    <Filter Include="Source Files\Engine\Core\Managers">
      <UniqueIdentifier>{c26b7a1d-3b7d-419c-896b-7022484bb1a3}</UniqueIdentifier>
    </Filter>
    <Filter Include="Source Files\Engine\Core\Managers\CommunicationManager">
      <UniqueIdentifier>{4e2da2e4-a6c3-4113-a0ef-01c42034a661}</UniqueIdentifier>
    </Filter>
    <Filter Include="Source Files\Engine\Core\Managers\ComponentManager">
      <UniqueIdentifier>{0467fbba-7e94-4e6f-b2ca-7dc26f39f4b2}</UniqueIdentifier>
    </Filter>
    <Filter Include="Source Files\Engine\Core\Managers\EntityManager">
      <UniqueIdentifier>{d4bb10b0-1420-4ef2-a341-d54f7ab2f244}</UniqueIdentifier>
    </Filter>
    <Filter Include="Source Files\Engine\Core\Managers\LogManager">
      <UniqueIdentifier>{67b74e10-49b9-4965-924d-34eeebdb80ba}</UniqueIdentifier>
    </Filter>
    <Filter Include="Source Files\Engine\Core\Managers\SystemManager">
      <UniqueIdentifier>{93040f31-5e5d-40f6-8208-9b5dfd5731d3}</UniqueIdentifier>
    </Filter>
    <Filter Include="Source Files\Engine\Core\Managers\RenderManager">
      <UniqueIdentifier>{3a941936-1f1c-49d6-94c6-7ed6fc7d5bed}</UniqueIdentifier>
    </Filter>
  </ItemGroup>
  <ItemGroup>
    <ClCompile Include="Engine\Source\Engine.cpp">
      <Filter>Source Files\Engine</Filter>
    </ClCompile>
    <ClCompile Include="Engine\Source\Message.cpp">
      <Filter>Source Files\Engine\Core\Utils\Message</Filter>
    </ClCompile>
    <ClCompile Include="Engine\Source\ISender.cpp">
      <Filter>Source Files\Engine\Core\Utils</Filter>
    </ClCompile>
    <ClCompile Include="Engine\Source\ISubscriber.cpp">
      <Filter>Source Files\Engine\Core\Utils</Filter>
    </ClCompile>
    <ClCompile Include="Engine\Source\Component.cpp">
      <Filter>Source Files\Engine\Core\Component</Filter>
    </ClCompile>
    <ClCompile Include="Engine\Source\ComponentArray.cpp">
      <Filter>Source Files\Engine\Core\Component\ComponentArray</Filter>
    </ClCompile>
    <ClCompile Include="Engine\Source\IComponentArray.cpp">
      <Filter>Source Files\Engine\Core\Component\ComponentArray</Filter>
    </ClCompile>
    <ClCompile Include="Engine\Source\CommunicationManager.cpp">
      <Filter>Source Files\Engine\Core\Managers\CommunicationManager</Filter>
    </ClCompile>
    <ClCompile Include="Engine\Source\ComponentManager.cpp">
      <Filter>Source Files\Engine\Core\Managers\ComponentManager</Filter>
    </ClCompile>
    <ClCompile Include="Engine\Source\EntityManager.cpp">
      <Filter>Source Files\Engine\Core\Managers\EntityManager</Filter>
    </ClCompile>
    <ClCompile Include="Engine\Source\LogManager.cpp">
      <Filter>Source Files\Engine\Core\Managers\LogManager</Filter>
    </ClCompile>
    <ClCompile Include="SystemManager.cpp">
      <Filter>Source Files\Engine\Core\Managers\SystemManager</Filter>
    </ClCompile>
    <ClCompile Include="Engine\Source\RenderManager.cpp">
      <Filter>Source Files\Engine\Core\Managers\RenderManager</Filter>
    </ClCompile>
  </ItemGroup>
  <ItemGroup>
    <ClInclude Include="Engine\Include\Engine.h">
      <Filter>Header Files\Engine</Filter>
    </ClInclude>
    <ClInclude Include="Engine\Include\Message.h">
      <Filter>Header Files\Engine\Core\Utils\Message</Filter>
    </ClInclude>
    <ClInclude Include="Engine\Include\MessageCodes.h">
      <Filter>Header Files\Engine\Core\Utils\Message</Filter>
    </ClInclude>
    <ClInclude Include="Engine\Include\MessageGroup.h">
      <Filter>Header Files\Engine\Core\Utils\Message</Filter>
    </ClInclude>
    <ClInclude Include="Engine\Include\Globals.h">
      <Filter>Header Files\Engine\Core\Utils</Filter>
    </ClInclude>
    <ClInclude Include="Engine\Include\ISender.h">
      <Filter>Header Files\Engine\Core\Utils</Filter>
    </ClInclude>
    <ClInclude Include="Engine\Include\ISubscriber.h">
      <Filter>Header Files\Engine\Core\Utils</Filter>
    </ClInclude>
    <ClInclude Include="Engine\Include\Component.h">
      <Filter>Header Files\Engine\Core\Component</Filter>
    </ClInclude>
    <ClInclude Include="Engine\Include\ComponentArray.h">
      <Filter>Header Files\Engine\Core\Component\ComponentArray</Filter>
    </ClInclude>
    <ClInclude Include="Engine\Include\IComponentArray.h">
      <Filter>Header Files\Engine\Core\Component\ComponentArray</Filter>
    </ClInclude>
    <ClInclude Include="Engine\Include\CommunicationManager.h">
      <Filter>Header Files\Engine\Core\Managers\CommunicationManager</Filter>
    </ClInclude>
    <ClInclude Include="Engine\Include\ComponentManager.h">
      <Filter>Header Files\Engine\Core\Managers\ComponentManager</Filter>
    </ClInclude>
    <ClInclude Include="Engine\Include\EntityManager.h">
      <Filter>Header Files\Engine\Core\Managers\EntityManager</Filter>
    </ClInclude>
    <ClInclude Include="Engine\Include\LogManager.h">
      <Filter>Header Files\Engine\Core\Managers\LogManager</Filter>
    </ClInclude>
    <ClInclude Include="Engine\Include\LogManagerMode.h">
      <Filter>Header Files\Engine\Core\Managers\LogManager</Filter>
    </ClInclude>
    <ClInclude Include="Engine\Include\SystemManager.h">
      <Filter>Header Files\Engine\Core\Managers\SystemManager</Filter>
    </ClInclude>
    <ClInclude Include="Engine\Include\ISystem.h">
      <Filter>Header Files\Engine\Core\System</Filter>
    </ClInclude>
    <ClInclude Include="Engine\Include\RenderManager.h">
      <Filter>Source Files\Engine\Core\Managers\RenderManager</Filter>
    </ClInclude>
  </ItemGroup>
</Project>